
Microsoft Visual Studio Solution File, Format Version 12.00
# Visual Studio Version 16
VisualStudioVersion = 16.0.30523.141
MinimumVisualStudioVersion = 10.0.40219.1
Project("{FAE04EC0-301F-11D3-BF4B-00C04F79EFBC}") = "CrkvaProjekt", "CrkvaProjekt\CrkvaProjekt.csproj", "{90AF0608-CB3A-46C8-8F69-233D9D426975}"
EndProject
Global
	GlobalSection(SolutionConfigurationPlatforms) = preSolution
		Debug|Any CPU = Debug|Any CPU
		Release|Any CPU = Release|Any CPU
	EndGlobalSection
	GlobalSection(ProjectConfigurationPlatforms) = postSolution
		{90AF0608-CB3A-46C8-8F69-233D9D426975}.Debug|Any CPU.ActiveCfg = Debug|Any CPU
		{90AF0608-CB3A-46C8-8F69-233D9D426975}.Debug|Any CPU.Build.0 = Debug|Any CPU
		{90AF0608-CB3A-46C8-8F69-233D9D426975}.Release|Any CPU.ActiveCfg = Release|Any CPU
		{90AF0608-CB3A-46C8-8F69-233D9D426975}.Release|Any CPU.Build.0 = Release|Any CPU
	EndGlobalSection
	GlobalSection(SolutionProperties) = preSolution
		HideSolutionNode = FALSE
	EndGlobalSection
	GlobalSection(ExtensibilityGlobals) = postSolution
		SolutionGuid = {65DA8B7B-A527-49F3-BC50-12604F516551}
	EndGlobalSection
EndGlobal
